
Microsoft Visual Studio Solution File, Format Version 12.00
# Visual Studio Version 16
VisualStudioVersion = 16.0.29020.237
MinimumVisualStudioVersion = 10.0.40219.1
Project("{FAE04EC0-301F-11D3-BF4B-00C04F79EFBC}") = "My2ndBot", "My2ndBot\My2ndBot\My2ndBot.csproj", "{7E23F6A7-0DE3-4CD1-B09E-7553DC975D53}"
EndProject
Project("{FAE04EC0-301F-11D3-BF4B-00C04F79EFBC}") = "My2ndBot.Tests", "My2ndBot\My2ndBot.Tests\My2ndBot.Tests.csproj", "{F304739D-820B-411B-B386-6CB450A51BEA}"
EndProject
Global
	GlobalSection(SolutionConfigurationPlatforms) = preSolution
		Debug|Any CPU = Debug|Any CPU
		Release|Any CPU = Release|Any CPU
	EndGlobalSection
	GlobalSection(ProjectConfigurationPlatforms) = postSolution
		{7E23F6A7-0DE3-4CD1-B09E-7553DC975D53}.Debug|Any CPU.ActiveCfg = Debug|Any CPU
		{7E23F6A7-0DE3-4CD1-B09E-7553DC975D53}.Debug|Any CPU.Build.0 = Debug|Any CPU
		{7E23F6A7-0DE3-4CD1-B09E-7553DC975D53}.Release|Any CPU.ActiveCfg = Release|Any CPU
		{7E23F6A7-0DE3-4CD1-B09E-7553DC975D53}.Release|Any CPU.Build.0 = Release|Any CPU
		{F304739D-820B-411B-B386-6CB450A51BEA}.Debug|Any CPU.ActiveCfg = Debug|Any CPU
		{F304739D-820B-411B-B386-6CB450A51BEA}.Debug|Any CPU.Build.0 = Debug|Any CPU
		{F304739D-820B-411B-B386-6CB450A51BEA}.Release|Any CPU.ActiveCfg = Release|Any CPU
		{F304739D-820B-411B-B386-6CB450A51BEA}.Release|Any CPU.Build.0 = Release|Any CPU
	EndGlobalSection
	GlobalSection(SolutionProperties) = preSolution
		HideSolutionNode = FALSE
	EndGlobalSection
	GlobalSection(ExtensibilityGlobals) = postSolution
		SolutionGuid = {4F2EF410-112E-43EE-B484-353264AF4DB1}
	EndGlobalSection
EndGlobal
